{
  "name": "nodebb-theme-persona-vite",
  "version": "9.1.15",
  "lockfileVersion": 1,
  "requires": true,
  "dependencies": {
    "async-limiter": {
      "version": "1.0.0",
      "resolved": "http://registry.npm.taobao.org/async-limiter/download/async-limiter-1.0.0.tgz",
      "integrity": "sha1-ePrtjD0HSrgfIrTphdeehzj3IPg="
    },
    "bignumber.js": {
      "version": "8.0.1",
      "resolved": "http://registry.npm.taobao.org/bignumber.js/download/bignumber.js-8.0.1.tgz",
      "integrity": "sha1-XUGRkTcPtVjGTj5fcNaOWUcTiDI="
    },
    "bootstrap": {
      "version": "4.1.3",
      "resolved": "https://registry.npmjs.org/bootstrap/-/bootstrap-4.1.3.tgz",
      "integrity": "sha512-rDFIzgXcof0jDyjNosjv4Sno77X4KuPeFxG2XZZv1/Kc8DRVGVADdoQyyOVDwPqL36DDmtCQbrpMCqvpPLJQ0w=="
    },
    "clone": {
      "version": "2.1.2",
      "resolved": "http://registry.npm.taobao.org/clone/download/clone-2.1.2.tgz",
      "integrity": "sha1-G39Ln1kfHo+DZwQBYANFoCiHQ18="
    },
    "js-base64": {
      "version": "2.5.0",
      "resolved": "http://registry.npm.taobao.org/js-base64/download/js-base64-2.5.0.tgz",
      "integrity": "sha1-QiVboYOrZ85ZoN7mQK/cAKta6T4="
    },
    "lodash": {
      "version": "4.17.11",
      "resolved": "http://registry.npm.taobao.org/lodash/download/lodash-4.17.11.tgz",
      "integrity": "sha1-s56mIp72B+zYniyN8SU2iRysm40="
    },
    "node-cache": {
      "version": "4.2.0",
      "resolved": "http://registry.npm.taobao.org/node-cache/download/node-cache-4.2.0.tgz",
      "integrity": "sha1-SKx5aodOdiWCaSAEo3bSbfqHWBE=",
      "requires": {
        "clone": "2.x",
        "lodash": "4.x"
      }
    },
    "popper.js": {
      "version": "1.14.6",
      "resolved": "https://registry.npmjs.org/popper.js/-/popper.js-1.14.6.tgz",
      "integrity": "sha512-AGwHGQBKumlk/MDfrSOf0JHhJCImdDMcGNoqKmKkU+68GFazv3CQ6q9r7Ja1sKDZmYWTckY/uLyEznheTDycnA=="
    },
    "pulling": {
      "version": "2.0.0",
      "resolved": "https://registry.npmjs.org/pulling/-/pulling-2.0.0.tgz",
      "integrity": "sha512-FTbrWBDFPZBP75bbeB3+5gXBFO3SCp+LKcUS7wE9Nn3x/RZoIjYzgH5RXT1vSBuyW+5sdguXqBsQjQeRYIKn1A=="
    },
    "qrcode-generator": {
      "version": "1.4.1",
      "resolved": "https://registry.npmjs.org/qrcode-generator/-/qrcode-generator-1.4.1.tgz",
      "integrity": "sha512-KOdSAyFBPf0/5Z3mra4JfSbjrDlUn2J3YH8Rm33tRGbptxP4vhogLWysvkQp8mp5ix9u80Wfr4vxHXTeR9o0Ug=="
    },
    "qrcode.es": {
      "version": "1.0.0",
      "resolved": "https://registry.npmjs.org/qrcode.es/-/qrcode.es-1.0.0.tgz",
      "integrity": "sha512-BaocOIfmCP8aN41ueB/KMcNqpypm/wlulv8zD/BO8Pu+yze+ZvvqwOXjMPcVITdNG3vgwAPXarkAsLIvIBAA9g==",
      "requires": {
        "qrcode-generator": "^1.4.0"
      }
    },
    "striptags": {
      "version": "3.1.1",
      "resolved": "https://registry.npmjs.org/striptags/-/striptags-3.1.1.tgz",
      "integrity": "sha1-yMPn/db7S7OjKjt1LltePjgJPr0="
    },
    "uuid": {
      "version": "3.3.2",
      "resolved": "https://registry.npmjs.org/uuid/-/uuid-3.3.2.tgz",
      "integrity": "sha512-yXJmeNaw3DnnKAOKJE51sL/ZaYfWJRl1pK9dr19YFCu0ObS231AB1/LbqTKRAQ5kw8A90rA6fr4riOUpTZvQZA=="
    },
    "ws": {
      "version": "6.1.2",
      "resolved": "http://registry.npm.taobao.org/ws/download/ws-6.1.2.tgz",
      "integrity": "sha1-PMdGLph5LwrGeUJBSJA97TucOtg=",
      "requires": {
        "async-limiter": "~1.0.0"
      }
    }
  }
}
